// !$*UTF8*$!
{
	archiveVersion = 1;
	classes = {
	};
	objectVersion = 55;
	objects = {

/* Begin PBXBuildFile section */
		892BA7DA282E74D100AE3AEB /* CryptoAppApp.swift in Sources */ = {isa = PBXBuildFile; fileRef = 892BA7D9282E74D100AE3AEB /* CryptoAppApp.swift */; };
		892BA7DC282E74D100AE3AEB /* ContentView.swift in Sources */ = {isa = PBXBuildFile; fileRef = 892BA7DB282E74D100AE3AEB /* ContentView.swift */; };
		892BA7DE282E74D300AE3AEB /* Assets.xcassets in Resources */ = {isa = PBXBuildFile; fileRef = 892BA7DD282E74D300AE3AEB /* Assets.xcassets */; };
		892BA7E1282E74D300AE3AEB /* Preview Assets.xcassets in Resources */ = {isa = PBXBuildFile; fileRef = 892BA7E0282E74D300AE3AEB /* Preview Assets.xcassets */; };
		892BA7E9282E7E0700AE3AEB /* Color.swift in Sources */ = {isa = PBXBuildFile; fileRef = 892BA7E8282E7E0700AE3AEB /* Color.swift */; };
		892BA7EF282E834E00AE3AEB /* HomeView.swift in Sources */ = {isa = PBXBuildFile; fileRef = 892BA7EE282E834E00AE3AEB /* HomeView.swift */; };
		892BA7F3282E85DF00AE3AEB /* CircleButtonView.swift in Sources */ = {isa = PBXBuildFile; fileRef = 892BA7F2282E85DF00AE3AEB /* CircleButtonView.swift */; };
		892BA7F5282EAD0800AE3AEB /* CircleButtonAnimationView.swift in Sources */ = {isa = PBXBuildFile; fileRef = 892BA7F4282EAD0800AE3AEB /* CircleButtonAnimationView.swift */; };
		8941D8E12844C78900885CCA /* CoinModel.swift in Sources */ = {isa = PBXBuildFile; fileRef = 8941D8E02844C78800885CCA /* CoinModel.swift */; };
		8941D8E32844E26E00885CCA /* CoinRowView.swift in Sources */ = {isa = PBXBuildFile; fileRef = 8941D8E22844E26E00885CCA /* CoinRowView.swift */; };
		8941D8E52844E2EB00885CCA /* PreviewProvider.swift in Sources */ = {isa = PBXBuildFile; fileRef = 8941D8E42844E2EB00885CCA /* PreviewProvider.swift */; };
		8941D8E72844F56700885CCA /* Double.swift in Sources */ = {isa = PBXBuildFile; fileRef = 8941D8E62844F56700885CCA /* Double.swift */; };
		8941D8E9284502C100885CCA /* HomeViewModel.swift in Sources */ = {isa = PBXBuildFile; fileRef = 8941D8E8284502C100885CCA /* HomeViewModel.swift */; };
		8941D8EC28450C6600885CCA /* coinDataService.swift in Sources */ = {isa = PBXBuildFile; fileRef = 8941D8EB28450C6600885CCA /* coinDataService.swift */; };
		8941D8EF28451DFD00885CCA /* NetworkingManager.swift in Sources */ = {isa = PBXBuildFile; fileRef = 8941D8EE28451DFD00885CCA /* NetworkingManager.swift */; };
		8941D8F228452DDC00885CCA /* CoinImageView.swift in Sources */ = {isa = PBXBuildFile; fileRef = 8941D8F128452DDC00885CCA /* CoinImageView.swift */; };
		8941D8F42845305400885CCA /* CoinImageService.swift in Sources */ = {isa = PBXBuildFile; fileRef = 8941D8F32845305400885CCA /* CoinImageService.swift */; };
		8941D8F6284532E600885CCA /* CoinImageViewModel.swift in Sources */ = {isa = PBXBuildFile; fileRef = 8941D8F5284532E600885CCA /* CoinImageViewModel.swift */; };
		8941D8F828454CDD00885CCA /* LocalFileManager.swift in Sources */ = {isa = PBXBuildFile; fileRef = 8941D8F728454CDD00885CCA /* LocalFileManager.swift */; };
/* End PBXBuildFile section */

/* Begin PBXFileReference section */
		892BA7D6282E74D100AE3AEB /* Crypto Tracker.app */ = {isa = PBXFileReference; explicitFileType = wrapper.application; includeInIndex = 0; path = "Crypto Tracker.app"; sourceTree = BUILT_PRODUCTS_DIR; };
		892BA7D9282E74D100AE3AEB /* CryptoAppApp.swift */ = {isa = PBXFileReference; lastKnownFileType = sourcecode.swift; path = CryptoAppApp.swift; sourceTree = "<group>"; };
		892BA7DB282E74D100AE3AEB /* ContentView.swift */ = {isa = PBXFileReference; lastKnownFileType = sourcecode.swift; path = ContentView.swift; sourceTree = "<group>"; };
		892BA7DD282E74D300AE3AEB /* Assets.xcassets */ = {isa = PBXFileReference; lastKnownFileType = folder.assetcatalog; path = Assets.xcassets; sourceTree = "<group>"; };
		892BA7E0282E74D300AE3AEB /* Preview Assets.xcassets */ = {isa = PBXFileReference; lastKnownFileType = folder.assetcatalog; path = "Preview Assets.xcassets"; sourceTree = "<group>"; };
		892BA7E8282E7E0700AE3AEB /* Color.swift */ = {isa = PBXFileReference; lastKnownFileType = sourcecode.swift; path = Color.swift; sourceTree = "<group>"; };
		892BA7EE282E834E00AE3AEB /* HomeView.swift */ = {isa = PBXFileReference; lastKnownFileType = sourcecode.swift; path = HomeView.swift; sourceTree = "<group>"; };
		892BA7F2282E85DF00AE3AEB /* CircleButtonView.swift */ = {isa = PBXFileReference; lastKnownFileType = sourcecode.swift; path = CircleButtonView.swift; sourceTree = "<group>"; };
		892BA7F4282EAD0800AE3AEB /* CircleButtonAnimationView.swift */ = {isa = PBXFileReference; lastKnownFileType = sourcecode.swift; path = CircleButtonAnimationView.swift; sourceTree = "<group>"; };
		8941D8E02844C78800885CCA /* CoinModel.swift */ = {isa = PBXFileReference; lastKnownFileType = sourcecode.swift; path = CoinModel.swift; sourceTree = "<group>"; };
		8941D8E22844E26E00885CCA /* CoinRowView.swift */ = {isa = PBXFileReference; lastKnownFileType = sourcecode.swift; path = CoinRowView.swift; sourceTree = "<group>"; };
		8941D8E42844E2EB00885CCA /* PreviewProvider.swift */ = {isa = PBXFileReference; lastKnownFileType = sourcecode.swift; path = PreviewProvider.swift; sourceTree = "<group>"; };
		8941D8E62844F56700885CCA /* Double.swift */ = {isa = PBXFileReference; lastKnownFileType = sourcecode.swift; path = Double.swift; sourceTree = "<group>"; };
		8941D8E8284502C100885CCA /* HomeViewModel.swift */ = {isa = PBXFileReference; lastKnownFileType = sourcecode.swift; path = HomeViewModel.swift; sourceTree = "<group>"; };
		8941D8EB28450C6600885CCA /* coinDataService.swift */ = {isa = PBXFileReference; lastKnownFileType = sourcecode.swift; path = coinDataService.swift; sourceTree = "<group>"; };
		8941D8EE28451DFD00885CCA /* NetworkingManager.swift */ = {isa = PBXFileReference; lastKnownFileType = sourcecode.swift; path = NetworkingManager.swift; sourceTree = "<group>"; };
		8941D8F128452DDC00885CCA /* CoinImageView.swift */ = {isa = PBXFileReference; lastKnownFileType = sourcecode.swift; path = CoinImageView.swift; sourceTree = "<group>"; };
		8941D8F32845305400885CCA /* CoinImageService.swift */ = {isa = PBXFileReference; lastKnownFileType = sourcecode.swift; path = CoinImageService.swift; sourceTree = "<group>"; };
		8941D8F5284532E600885CCA /* CoinImageViewModel.swift */ = {isa = PBXFileReference; lastKnownFileType = sourcecode.swift; path = CoinImageViewModel.swift; sourceTree = "<group>"; };
		8941D8F728454CDD00885CCA /* LocalFileManager.swift */ = {isa = PBXFileReference; lastKnownFileType = sourcecode.swift; path = LocalFileManager.swift; sourceTree = "<group>"; };
/* End PBXFileReference section */

/* Begin PBXFrameworksBuildPhase section */
		892BA7D3282E74D100AE3AEB /* Frameworks */ = {
			isa = PBXFrameworksBuildPhase;
			buildActionMask = 2147483647;
			files = (
			);
			runOnlyForDeploymentPostprocessing = 0;
		};
/* End PBXFrameworksBuildPhase section */

/* Begin PBXGroup section */
		892BA7CD282E74D100AE3AEB = {
			isa = PBXGroup;
			children = (
				892BA7D8282E74D100AE3AEB /* CryptoApp */,
				892BA7D7282E74D100AE3AEB /* Products */,
			);
			sourceTree = "<group>";
		};
		892BA7D7282E74D100AE3AEB /* Products */ = {
			isa = PBXGroup;
			children = (
				892BA7D6282E74D100AE3AEB /* Crypto Tracker.app */,
			);
			name = Products;
			sourceTree = "<group>";
		};
		892BA7D8282E74D100AE3AEB /* CryptoApp */ = {
			isa = PBXGroup;
			children = (
				8941D8ED28451DDA00885CCA /* Utilities */,
				8941D8EA28450C3D00885CCA /* Services */,
				8941D8DF2844C76B00885CCA /* Models */,
				892BA7E7282E7DF200AE3AEB /* Extensions */,
				892BA7EA282E82F500AE3AEB /* Core */,
				892BA7D9282E74D100AE3AEB /* CryptoAppApp.swift */,
				892BA7DB282E74D100AE3AEB /* ContentView.swift */,
				892BA7DD282E74D300AE3AEB /* Assets.xcassets */,
				892BA7DF282E74D300AE3AEB /* Preview Content */,
			);
			path = CryptoApp;
			sourceTree = "<group>";
		};
		892BA7DF282E74D300AE3AEB /* Preview Content */ = {
			isa = PBXGroup;
			children = (
				892BA7E0282E74D300AE3AEB /* Preview Assets.xcassets */,
			);
			path = "Preview Content";
			sourceTree = "<group>";
		};
		892BA7E7282E7DF200AE3AEB /* Extensions */ = {
			isa = PBXGroup;
			children = (
				892BA7E8282E7E0700AE3AEB /* Color.swift */,
				8941D8E42844E2EB00885CCA /* PreviewProvider.swift */,
				8941D8E62844F56700885CCA /* Double.swift */,
			);
			path = Extensions;
			sourceTree = "<group>";
		};
		892BA7EA282E82F500AE3AEB /* Core */ = {
			isa = PBXGroup;
			children = (
				892BA7F0282E85B800AE3AEB /* Components */,
				892BA7EB282E832000AE3AEB /* Home */,
			);
			path = Core;
			sourceTree = "<group>";
		};
		892BA7EB282E832000AE3AEB /* Home */ = {
			isa = PBXGroup;
			children = (
				892BA7ED282E833B00AE3AEB /* ViewModels */,
				892BA7EC282E832C00AE3AEB /* Views */,
			);
			path = Home;
			sourceTree = "<group>";
		};
		892BA7EC282E832C00AE3AEB /* Views */ = {
			isa = PBXGroup;
			children = (
				892BA7EE282E834E00AE3AEB /* HomeView.swift */,
				8941D8E22844E26E00885CCA /* CoinRowView.swift */,
			);
			path = Views;
			sourceTree = "<group>";
		};
		892BA7ED282E833B00AE3AEB /* ViewModels */ = {
			isa = PBXGroup;
			children = (
				8941D8E8284502C100885CCA /* HomeViewModel.swift */,
			);
			path = ViewModels;
			sourceTree = "<group>";
		};
		892BA7F0282E85B800AE3AEB /* Components */ = {
			isa = PBXGroup;
			children = (
				8941D8F028452DB100885CCA /* CoinImage */,
				892BA7F1282E85CF00AE3AEB /* CircleButton */,
			);
			path = Components;
			sourceTree = "<group>";
		};
		892BA7F1282E85CF00AE3AEB /* CircleButton */ = {
			isa = PBXGroup;
			children = (
				892BA7F2282E85DF00AE3AEB /* CircleButtonView.swift */,
				892BA7F4282EAD0800AE3AEB /* CircleButtonAnimationView.swift */,
			);
			path = CircleButton;
			sourceTree = "<group>";
		};
		8941D8DF2844C76B00885CCA /* Models */ = {
			isa = PBXGroup;
			children = (
				8941D8E02844C78800885CCA /* CoinModel.swift */,
			);
			path = Models;
			sourceTree = "<group>";
		};
		8941D8EA28450C3D00885CCA /* Services */ = {
			isa = PBXGroup;
			children = (
				8941D8EB28450C6600885CCA /* coinDataService.swift */,
				8941D8F32845305400885CCA /* CoinImageService.swift */,
			);
			path = Services;
			sourceTree = "<group>";
		};
		8941D8ED28451DDA00885CCA /* Utilities */ = {
			isa = PBXGroup;
			children = (
				8941D8EE28451DFD00885CCA /* NetworkingManager.swift */,
				8941D8F728454CDD00885CCA /* LocalFileManager.swift */,
			);
			path = Utilities;
			sourceTree = "<group>";
		};
		8941D8F028452DB100885CCA /* CoinImage */ = {
			isa = PBXGroup;
			children = (
				8941D8F128452DDC00885CCA /* CoinImageView.swift */,
				8941D8F5284532E600885CCA /* CoinImageViewModel.swift */,
			);
			path = CoinImage;
			sourceTree = "<group>";
		};
/* End PBXGroup section */

/* Begin PBXNativeTarget section */
		892BA7D5282E74D100AE3AEB /* CryptoApp */ = {
			isa = PBXNativeTarget;
			buildConfigurationList = 892BA7E4282E74D300AE3AEB /* Build configuration list for PBXNativeTarget "CryptoApp" */;
			buildPhases = (
				892BA7D2282E74D100AE3AEB /* Sources */,
				892BA7D3282E74D100AE3AEB /* Frameworks */,
				892BA7D4282E74D100AE3AEB /* Resources */,
			);
			buildRules = (
			);
			dependencies = (
			);
			name = CryptoApp;
			productName = CryptoApp;
			productReference = 892BA7D6282E74D100AE3AEB /* Crypto Tracker.app */;
			productType = "com.apple.product-type.application";
		};
/* End PBXNativeTarget section */

/* Begin PBXProject section */
		892BA7CE282E74D100AE3AEB /* Project object */ = {
			isa = PBXProject;
			attributes = {
				BuildIndependentTargetsInParallel = 1;
				LastSwiftUpdateCheck = 1320;
				LastUpgradeCheck = 1320;
				TargetAttributes = {
					892BA7D5282E74D100AE3AEB = {
						CreatedOnToolsVersion = 13.2.1;
					};
				};
			};
			buildConfigurationList = 892BA7D1282E74D100AE3AEB /* Build configuration list for PBXProject "CryptoApp" */;
			compatibilityVersion = "Xcode 13.0";
			developmentRegion = en;
			hasScannedForEncodings = 0;
			knownRegions = (
				en,
				Base,
			);
			mainGroup = 892BA7CD282E74D100AE3AEB;
			productRefGroup = 892BA7D7282E74D100AE3AEB /* Products */;
			projectDirPath = "";
			projectRoot = "";
			targets = (
				892BA7D5282E74D100AE3AEB /* CryptoApp */,
			);
		};
/* End PBXProject section */

/* Begin PBXResourcesBuildPhase section */
		892BA7D4282E74D100AE3AEB /* Resources */ = {
			isa = PBXResourcesBuildPhase;
			buildActionMask = 2147483647;
			files = (
				892BA7E1282E74D300AE3AEB /* Preview Assets.xcassets in Resources */,
				892BA7DE282E74D300AE3AEB /* Assets.xcassets in Resources */,
			);
			runOnlyForDeploymentPostprocessing = 0;
		};
/* End PBXResourcesBuildPhase section */

/* Begin PBXSourcesBuildPhase section */
		892BA7D2282E74D100AE3AEB /* Sources */ = {
			isa = PBXSourcesBuildPhase;
			buildActionMask = 2147483647;
			files = (
				8941D8EC28450C6600885CCA /* coinDataService.swift in Sources */,
				8941D8E32844E26E00885CCA /* CoinRowView.swift in Sources */,
				8941D8E9284502C100885CCA /* HomeViewModel.swift in Sources */,
				892BA7DC282E74D100AE3AEB /* ContentView.swift in Sources */,
				8941D8F828454CDD00885CCA /* LocalFileManager.swift in Sources */,
				892BA7EF282E834E00AE3AEB /* HomeView.swift in Sources */,
				8941D8F228452DDC00885CCA /* CoinImageView.swift in Sources */,
				892BA7DA282E74D100AE3AEB /* CryptoAppApp.swift in Sources */,
				892BA7F3282E85DF00AE3AEB /* CircleButtonView.swift in Sources */,
				892BA7E9282E7E0700AE3AEB /* Color.swift in Sources */,
				8941D8EF28451DFD00885CCA /* NetworkingManager.swift in Sources */,
				892BA7F5282EAD0800AE3AEB /* CircleButtonAnimationView.swift in Sources */,
				8941D8F6284532E600885CCA /* CoinImageViewModel.swift in Sources */,
				8941D8E52844E2EB00885CCA /* PreviewProvider.swift in Sources */,
				8941D8E72844F56700885CCA /* Double.swift in Sources */,
				8941D8F42845305400885CCA /* CoinImageService.swift in Sources */,
				8941D8E12844C78900885CCA /* CoinModel.swift in Sources */,
			);
			runOnlyForDeploymentPostprocessing = 0;
		};
/* End PBXSourcesBuildPhase section */

/* Begin XCBuildConfiguration section */
		892BA7E2282E74D300AE3AEB /* Debug */ = {
			isa = XCBuildConfiguration;
			buildSettings = {
				ALWAYS_SEARCH_USER_PATHS = NO;
				CLANG_ANALYZER_NONNULL = YES;
				CLANG_ANALYZER_NUMBER_OBJECT_CONVERSION = YES_AGGRESSIVE;
				CLANG_CXX_LANGUAGE_STANDARD = "gnu++17";
				CLANG_CXX_LIBRARY = "libc++";
				CLANG_ENABLE_MODULES = YES;
				CLANG_ENABLE_OBJC_ARC = YES;
				CLANG_ENABLE_OBJC_WEAK = YES;
				CLANG_WARN_BLOCK_CAPTURE_AUTORELEASING = YES;
				CLANG_WARN_BOOL_CONVERSION = YES;
				CLANG_WARN_COMMA = YES;
				CLANG_WARN_CONSTANT_CONVERSION = YES;
				CLANG_WARN_DEPRECATED_OBJC_IMPLEMENTATIONS = YES;
				CLANG_WARN_DIRECT_OBJC_ISA_USAGE = YES_ERROR;
				CLANG_WARN_DOCUMENTATION_COMMENTS = YES;
				CLANG_WARN_EMPTY_BODY = YES;
				CLANG_WARN_ENUM_CONVERSION = YES;
				CLANG_WARN_INFINITE_RECURSION = YES;
				CLANG_WARN_INT_CONVERSION = YES;
				CLANG_WARN_NON_LITERAL_NULL_CONVERSION = YES;
				CLANG_WARN_OBJC_IMPLICIT_RETAIN_SELF = YES;
				CLANG_WARN_OBJC_LITERAL_CONVERSION = YES;
				CLANG_WARN_OBJC_ROOT_CLASS = YES_ERROR;
				CLANG_WARN_QUOTED_INCLUDE_IN_FRAMEWORK_HEADER = YES;
				CLANG_WARN_RANGE_LOOP_ANALYSIS = YES;
				CLANG_WARN_STRICT_PROTOTYPES = YES;
				CLANG_WARN_SUSPICIOUS_MOVE = YES;
				CLANG_WARN_UNGUARDED_AVAILABILITY = YES_AGGRESSIVE;
				CLANG_WARN_UNREACHABLE_CODE = YES;
				CLANG_WARN__DUPLICATE_METHOD_MATCH = YES;
				COPY_PHASE_STRIP = NO;
				DEBUG_INFORMATION_FORMAT = dwarf;
				ENABLE_STRICT_OBJC_MSGSEND = YES;
				ENABLE_TESTABILITY = YES;
				GCC_C_LANGUAGE_STANDARD = gnu11;
				GCC_DYNAMIC_NO_PIC = NO;
				GCC_NO_COMMON_BLOCKS = YES;
				GCC_OPTIMIZATION_LEVEL = 0;
				GCC_PREPROCESSOR_DEFINITIONS = (
					"DEBUG=1",
					"$(inherited)",
				);
				GCC_WARN_64_TO_32_BIT_CONVERSION = YES;
				GCC_WARN_ABOUT_RETURN_TYPE = YES_ERROR;
				GCC_WARN_UNDECLARED_SELECTOR = YES;
				GCC_WARN_UNINITIALIZED_AUTOS = YES_AGGRESSIVE;
				GCC_WARN_UNUSED_FUNCTION = YES;
				GCC_WARN_UNUSED_VARIABLE = YES;
				IPHONEOS_DEPLOYMENT_TARGET = 15.2;
				MTL_ENABLE_DEBUG_INFO = INCLUDE_SOURCE;
				MTL_FAST_MATH = YES;
				ONLY_ACTIVE_ARCH = YES;
				SDKROOT = iphoneos;
				SWIFT_ACTIVE_COMPILATION_CONDITIONS = DEBUG;
				SWIFT_OPTIMIZATION_LEVEL = "-Onone";
			};
			name = Debug;
		};
		892BA7E3282E74D300AE3AEB /* Release */ = {
			isa = XCBuildConfiguration;
			buildSettings = {
				ALWAYS_SEARCH_USER_PATHS = NO;
				CLANG_ANALYZER_NONNULL = YES;
				CLANG_ANALYZER_NUMBER_OBJECT_CONVERSION = YES_AGGRESSIVE;
				CLANG_CXX_LANGUAGE_STANDARD = "gnu++17";
				CLANG_CXX_LIBRARY = "libc++";
				CLANG_ENABLE_MODULES = YES;
				CLANG_ENABLE_OBJC_ARC = YES;
				CLANG_ENABLE_OBJC_WEAK = YES;
				CLANG_WARN_BLOCK_CAPTURE_AUTORELEASING = YES;
				CLANG_WARN_BOOL_CONVERSION = YES;
				CLANG_WARN_COMMA = YES;
				CLANG_WARN_CONSTANT_CONVERSION = YES;
				CLANG_WARN_DEPRECATED_OBJC_IMPLEMENTATIONS = YES;
				CLANG_WARN_DIRECT_OBJC_ISA_USAGE = YES_ERROR;
				CLANG_WARN_DOCUMENTATION_COMMENTS = YES;
				CLANG_WARN_EMPTY_BODY = YES;
				CLANG_WARN_ENUM_CONVERSION = YES;
				CLANG_WARN_INFINITE_RECURSION = YES;
				CLANG_WARN_INT_CONVERSION = YES;
				CLANG_WARN_NON_LITERAL_NULL_CONVERSION = YES;
				CLANG_WARN_OBJC_IMPLICIT_RETAIN_SELF = YES;
				CLANG_WARN_OBJC_LITERAL_CONVERSION = YES;
				CLANG_WARN_OBJC_ROOT_CLASS = YES_ERROR;
				CLANG_WARN_QUOTED_INCLUDE_IN_FRAMEWORK_HEADER = YES;
				CLANG_WARN_RANGE_LOOP_ANALYSIS = YES;
				CLANG_WARN_STRICT_PROTOTYPES = YES;
				CLANG_WARN_SUSPICIOUS_MOVE = YES;
				CLANG_WARN_UNGUARDED_AVAILABILITY = YES_AGGRESSIVE;
				CLANG_WARN_UNREACHABLE_CODE = YES;
				CLANG_WARN__DUPLICATE_METHOD_MATCH = YES;
				COPY_PHASE_STRIP = NO;
				DEBUG_INFORMATION_FORMAT = "dwarf-with-dsym";
				ENABLE_NS_ASSERTIONS = NO;
				ENABLE_STRICT_OBJC_MSGSEND = YES;
				GCC_C_LANGUAGE_STANDARD = gnu11;
				GCC_NO_COMMON_BLOCKS = YES;
				GCC_WARN_64_TO_32_BIT_CONVERSION = YES;
				GCC_WARN_ABOUT_RETURN_TYPE = YES_ERROR;
				GCC_WARN_UNDECLARED_SELECTOR = YES;
				GCC_WARN_UNINITIALIZED_AUTOS = YES_AGGRESSIVE;
				GCC_WARN_UNUSED_FUNCTION = YES;
				GCC_WARN_UNUSED_VARIABLE = YES;
				IPHONEOS_DEPLOYMENT_TARGET = 15.2;
				MTL_ENABLE_DEBUG_INFO = NO;
				MTL_FAST_MATH = YES;
				SDKROOT = iphoneos;
				SWIFT_COMPILATION_MODE = wholemodule;
				SWIFT_OPTIMIZATION_LEVEL = "-O";
				VALIDATE_PRODUCT = YES;
			};
			name = Release;
		};
		892BA7E5282E74D300AE3AEB /* Debug */ = {
			isa = XCBuildConfiguration;
			buildSettings = {
				ASSETCATALOG_COMPILER_APPICON_NAME = AppIcon;
				ASSETCATALOG_COMPILER_GLOBAL_ACCENT_COLOR_NAME = AccentColor;
				CODE_SIGN_STYLE = Automatic;
				CURRENT_PROJECT_VERSION = 1;
				DEVELOPMENT_ASSET_PATHS = "\"CryptoApp/Preview Content\"";
				ENABLE_PREVIEWS = YES;
				GENERATE_INFOPLIST_FILE = YES;
				INFOPLIST_KEY_UIApplicationSceneManifest_Generation = YES;
				INFOPLIST_KEY_UIApplicationSupportsIndirectInputEvents = YES;
				INFOPLIST_KEY_UILaunchScreen_Generation = YES;
				INFOPLIST_KEY_UISupportedInterfaceOrientations = UIInterfaceOrientationPortrait;
				INFOPLIST_KEY_UISupportedInterfaceOrientations_iPad = "UIInterfaceOrientationPortrait UIInterfaceOrientationPortraitUpsideDown UIInterfaceOrientationLandscapeLeft UIInterfaceOrientationLandscapeRight";
				INFOPLIST_KEY_UISupportedInterfaceOrientations_iPhone = "UIInterfaceOrientationPortrait UIInterfaceOrientationLandscapeLeft UIInterfaceOrientationLandscapeRight";
				LD_RUNPATH_SEARCH_PATHS = (
					"$(inherited)",
					"@executable_path/Frameworks",
				);
				MARKETING_VERSION = 1.0;
				PRODUCT_BUNDLE_IDENTIFIER = mbayi.CryptoApp;
				PRODUCT_NAME = "Crypto Tracker";
				SWIFT_EMIT_LOC_STRINGS = YES;
				SWIFT_VERSION = 5.0;
				TARGETED_DEVICE_FAMILY = "1,2";
			};
			name = Debug;
		};
		892BA7E6282E74D300AE3AEB /* Release */ = {
			isa = XCBuildConfiguration;
			buildSettings = {
				ASSETCATALOG_COMPILER_APPICON_NAME = AppIcon;
				ASSETCATALOG_COMPILER_GLOBAL_ACCENT_COLOR_NAME = AccentColor;
				CODE_SIGN_STYLE = Automatic;
				CURRENT_PROJECT_VERSION = 1;
				DEVELOPMENT_ASSET_PATHS = "\"CryptoApp/Preview Content\"";
				ENABLE_PREVIEWS = YES;
				GENERATE_INFOPLIST_FILE = YES;
				INFOPLIST_KEY_UIApplicationSceneManifest_Generation = YES;
				INFOPLIST_KEY_UIApplicationSupportsIndirectInputEvents = YES;
				INFOPLIST_KEY_UILaunchScreen_Generation = YES;
				INFOPLIST_KEY_UISupportedInterfaceOrientations = UIInterfaceOrientationPortrait;
				INFOPLIST_KEY_UISupportedInterfaceOrientations_iPad = "UIInterfaceOrientationPortrait UIInterfaceOrientationPortraitUpsideDown UIInterfaceOrientationLandscapeLeft UIInterfaceOrientationLandscapeRight";
				INFOPLIST_KEY_UISupportedInterfaceOrientations_iPhone = "UIInterfaceOrientationPortrait UIInterfaceOrientationLandscapeLeft UIInterfaceOrientationLandscapeRight";
				LD_RUNPATH_SEARCH_PATHS = (
					"$(inherited)",
					"@executable_path/Frameworks",
				);
				MARKETING_VERSION = 1.0;
				PRODUCT_BUNDLE_IDENTIFIER = mbayi.CryptoApp;
				PRODUCT_NAME = "Crypto Tracker";
				SWIFT_EMIT_LOC_STRINGS = YES;
				SWIFT_VERSION = 5.0;
				TARGETED_DEVICE_FAMILY = "1,2";
			};
			name = Release;
		};
/* End XCBuildConfiguration section */

/* Begin XCConfigurationList section */
		892BA7D1282E74D100AE3AEB /* Build configuration list for PBXProject "CryptoApp" */ = {
			isa = XCConfigurationList;
			buildConfigurations = (
				892BA7E2282E74D300AE3AEB /* Debug */,
				892BA7E3282E74D300AE3AEB /* Release */,
			);
			defaultConfigurationIsVisible = 0;
			defaultConfigurationName = Release;
		};
		892BA7E4282E74D300AE3AEB /* Build configuration list for PBXNativeTarget "CryptoApp" */ = {
			isa = XCConfigurationList;
			buildConfigurations = (
				892BA7E5282E74D300AE3AEB /* Debug */,
				892BA7E6282E74D300AE3AEB /* Release */,
			);
			defaultConfigurationIsVisible = 0;
			defaultConfigurationName = Release;
		};
/* End XCConfigurationList section */
	};
	rootObject = 892BA7CE282E74D100AE3AEB /* Project object */;
}
